
Microsoft Visual Studio Solution File, Format Version 12.00
# Visual Studio Version 16
VisualStudioVersion = 16.0.30204.135
MinimumVisualStudioVersion = 10.0.40219.1
Project("{FAE04EC0-301F-11D3-BF4B-00C04F79EFBC}") = "IdentityServer", "IdentityServer\IdentityServer.csproj", "{6E68EA86-6295-456A-B132-3CF59983662A}"
EndProject
Project("{9A19103F-16F7-4668-BE54-9A1E7A4F7556}") = "MvcClient", "MvcClient\MvcClient.csproj", "{C44B08D4-EF04-4355-98DB-F1858891F22B}"
EndProject
Global
	GlobalSection(SolutionConfigurationPlatforms) = preSolution
		Debug|Any CPU = Debug|Any CPU
		Release|Any CPU = Release|Any CPU
	EndGlobalSection
	GlobalSection(ProjectConfigurationPlatforms) = postSolution
		{6E68EA86-6295-456A-B132-3CF59983662A}.Debug|Any CPU.ActiveCfg = Debug|Any CPU
		{6E68EA86-6295-456A-B132-3CF59983662A}.Debug|Any CPU.Build.0 = Debug|Any CPU
		{6E68EA86-6295-456A-B132-3CF59983662A}.Release|Any CPU.ActiveCfg = Release|Any CPU
		{6E68EA86-6295-456A-B132-3CF59983662A}.Release|Any CPU.Build.0 = Release|Any CPU
		{C44B08D4-EF04-4355-98DB-F1858891F22B}.Debug|Any CPU.ActiveCfg = Debug|Any CPU
		{C44B08D4-EF04-4355-98DB-F1858891F22B}.Debug|Any CPU.Build.0 = Debug|Any CPU
		{C44B08D4-EF04-4355-98DB-F1858891F22B}.Release|Any CPU.ActiveCfg = Release|Any CPU
		{C44B08D4-EF04-4355-98DB-F1858891F22B}.Release|Any CPU.Build.0 = Release|Any CPU
	EndGlobalSection
	GlobalSection(SolutionProperties) = preSolution
		HideSolutionNode = FALSE
	EndGlobalSection
	GlobalSection(ExtensibilityGlobals) = postSolution
		SolutionGuid = {5CA0C9CD-B41A-4C4F-AC49-075A6289AD63}
	EndGlobalSection
EndGlobal
